<?xml version="1.0" encoding="utf-8"?>
<Project ToolsVersion="4.0" xmlns="http://schemas.microsoft.com/developer/msbuild/2003">
  <ItemGroup>
    <Filter Include="SRC">
      <UniqueIdentifier>{4a4141a9-d8b3-486a-b448-45c91f7917bd}</UniqueIdentifier>
    </Filter>
    <Filter Include="SRC\Main">
      <UniqueIdentifier>{a300d278-8fb4-4d7c-85f2-7cb9c9fd296c}</UniqueIdentifier>
    </Filter>
    <Filter Include="assets">
      <UniqueIdentifier>{8ad898e8-9e16-4fc0-a14c-fe3b2d33cca5}</UniqueIdentifier>
    </Filter>
    <Filter Include="SRC\SpaceShip">
      <UniqueIdentifier>{5c30a534-8df7-42ec-91a5-18f8131b121f}</UniqueIdentifier>
    </Filter>
    <Filter Include="SRC\GameLoop">
      <UniqueIdentifier>{b22ac7fe-03dc-4e15-94c4-f243387faa1c}</UniqueIdentifier>
    </Filter>
    <Filter Include="SRC\Comets">
      <UniqueIdentifier>{4e257fbb-8dee-4bb7-a271-59008271f5d4}</UniqueIdentifier>
    </Filter>
    <Filter Include="SRC\CoreLoop">
      <UniqueIdentifier>{9332870f-c653-4e9f-857f-fe74b4ceac30}</UniqueIdentifier>
    </Filter>
    <Filter Include="SRC\MenuLoop">
      <UniqueIdentifier>{fdebc41c-94d6-4839-9d56-693bf0247e36}</UniqueIdentifier>
    </Filter>
    <Filter Include="SRC\CreditsLoop">
      <UniqueIdentifier>{f7394f23-c9f7-49d0-8d88-3a5af67e48bd}</UniqueIdentifier>
    </Filter>
  </ItemGroup>
  <ItemGroup>
    <ClCompile Include="Main.cpp">
      <Filter>SRC\Main</Filter>
    </ClCompile>
    <ClCompile Include="SpaceShip.cpp">
      <Filter>SRC\SpaceShip</Filter>
    </ClCompile>
    <ClCompile Include="GameLoop.cpp">
      <Filter>SRC\GameLoop</Filter>
    </ClCompile>
    <ClCompile Include="Comets.cpp">
      <Filter>SRC\Comets</Filter>
    </ClCompile>
    <ClCompile Include="Menu.cpp">
      <Filter>SRC\MenuLoop</Filter>
    </ClCompile>
    <ClCompile Include="CoreLoop.cpp">
      <Filter>SRC\CoreLoop</Filter>
    </ClCompile>
    <ClCompile Include="CreditsLoop.cpp">
      <Filter>SRC\CreditsLoop</Filter>
    </ClCompile>
  </ItemGroup>
  <ItemGroup>
    <Image Include="SpaceShip.png">
      <Filter>assets</Filter>
    </Image>
  </ItemGroup>
  <ItemGroup>
    <ClInclude Include="SpaceShip.h">
      <Filter>SRC\SpaceShip</Filter>
    </ClInclude>
    <ClInclude Include="GameLoop.h">
      <Filter>SRC\GameLoop</Filter>
    </ClInclude>
    <ClInclude Include="Comets.h">
      <Filter>SRC\Comets</Filter>
    </ClInclude>
    <ClInclude Include="Menu.h">
      <Filter>SRC\MenuLoop</Filter>
    </ClInclude>
    <ClInclude Include="CoreLoop.h">
      <Filter>SRC\CoreLoop</Filter>
    </ClInclude>
    <ClInclude Include="CreditsLoop.h">
      <Filter>SRC\CreditsLoop</Filter>
    </ClInclude>
  </ItemGroup>
</Project>